{
	"name": "vuepress-starter",
	"version": "1.0.0",
	"lockfileVersion": 1,
	"requires": true,
	"dependencies": {
		"@vuepress-reco/vuepress-plugin-bgm-player": {
			"version": "1.1.4",
			"dev": true
		},
		"@vuepress-reco/vuepress-plugin-extract-code": {
			"version": "1.0.4",
			"dev": true
		},
		"@vuepress-reco/vuepress-plugin-kan-ban-niang": {
			"version": "1.0.5",
			"dev": true
		},
		"@vuepress/plugin-pwa": {
			"version": "1.9.9",
			"dev": true
		},
		"vuepress": {
			"version": "1.9.7",
			"dev": true
		},
		"vuepress-plugin-cursor-effects": {
			"version": "1.1.6",
			"dev": true
		},
		"vuepress-plugin-dynamic-title": {
			"version": "1.0.0",
			"dev": true
		},
		"vuepress-plugin-go-top": {
			"version": "1.0.4",
			"dev": true
		},
		"vuepress-plugin-sitemap": {
			"version": "2.3.1"
		},
		"vuepress-theme-reco": {
			"version": "1.6.16",
			"resolved": "https://registry.npmmirror.com/vuepress-theme-reco/download/vuepress-theme-reco-0.2.1.tgz",
			"dev": true
		}
	}
}
